// !$*UTF8*$!
{
	archiveVersion = 1;
	classes = {
	};
	objectVersion = 51;
	objects = {

/* Begin PBXBuildFile section */
		16844A14C153515CFF454DB7 /* Pods_PD.framework in Frameworks */ = {isa = PBXBuildFile; fileRef = D626A1A10FD51DD06604B7D9 /* Pods_PD.framework */; };
		636954EB24651F7200D8953C /* AppDelegate.swift in Sources */ = {isa = PBXBuildFile; fileRef = 636954EA24651F7200D8953C /* AppDelegate.swift */; };
		636954ED24651F7200D8953C /* SceneDelegate.swift in Sources */ = {isa = PBXBuildFile; fileRef = 636954EC24651F7200D8953C /* SceneDelegate.swift */; };
		636954EF24651F7200D8953C /* ListViewController.swift in Sources */ = {isa = PBXBuildFile; fileRef = 636954EE24651F7200D8953C /* ListViewController.swift */; };
		636954F224651F7200D8953C /* Main.storyboard in Resources */ = {isa = PBXBuildFile; fileRef = 636954F024651F7200D8953C /* Main.storyboard */; };
		636954F424651F7600D8953C /* Assets.xcassets in Resources */ = {isa = PBXBuildFile; fileRef = 636954F324651F7600D8953C /* Assets.xcassets */; };
		636954F724651F7600D8953C /* LaunchScreen.storyboard in Resources */ = {isa = PBXBuildFile; fileRef = 636954F524651F7600D8953C /* LaunchScreen.storyboard */; };
		6369550224651F7600D8953C /* PDTests.swift in Sources */ = {isa = PBXBuildFile; fileRef = 6369550124651F7600D8953C /* PDTests.swift */; };
		6369550D24651F7600D8953C /* PDUITests.swift in Sources */ = {isa = PBXBuildFile; fileRef = 6369550C24651F7600D8953C /* PDUITests.swift */; };
		6369551F2465294E00D8953C /* ListPresenter.swift in Sources */ = {isa = PBXBuildFile; fileRef = 6369551E2465294E00D8953C /* ListPresenter.swift */; };
		6369552224652F3300D8953C /* ScheduleCell.xib in Resources */ = {isa = PBXBuildFile; fileRef = 6369552124652F3300D8953C /* ScheduleCell.xib */; };
		6369552424652FF400D8953C /* ScheduleCell.swift in Sources */ = {isa = PBXBuildFile; fileRef = 6369552324652FF400D8953C /* ScheduleCell.swift */; };
		6369552F2465333E00D8953C /* DataManagerswift.swift in Sources */ = {isa = PBXBuildFile; fileRef = 6369552E2465333E00D8953C /* DataManagerswift.swift */; };
		636955322465352400D8953C /* Schedule.swift in Sources */ = {isa = PBXBuildFile; fileRef = 636955312465352400D8953C /* Schedule.swift */; };
		636955342465357F00D8953C /* EscalationPolicy.swift in Sources */ = {isa = PBXBuildFile; fileRef = 636955332465357F00D8953C /* EscalationPolicy.swift */; };
		636955382465398300D8953C /* SchduleResponse.swift in Sources */ = {isa = PBXBuildFile; fileRef = 636955372465398300D8953C /* SchduleResponse.swift */; };
		6369553A2465483800D8953C /* schedules.json in Resources */ = {isa = PBXBuildFile; fileRef = 636955392465483800D8953C /* schedules.json */; };
		6369553E2465486400D8953C /* ViewController+PD.swift in Sources */ = {isa = PBXBuildFile; fileRef = 6369553D2465486400D8953C /* ViewController+PD.swift */; };
		6369554124654C2A00D8953C /* 20871-search.json in Resources */ = {isa = PBXBuildFile; fileRef = 6369554024654C2A00D8953C /* 20871-search.json */; };
/* End PBXBuildFile section */

/* Begin PBXContainerItemProxy section */
		636954FE24651F7600D8953C /* PBXContainerItemProxy */ = {
			isa = PBXContainerItemProxy;
			containerPortal = 636954DF24651F7200D8953C /* Project object */;
			proxyType = 1;
			remoteGlobalIDString = 636954E624651F7200D8953C;
			remoteInfo = PD;
		};
		6369550924651F7600D8953C /* PBXContainerItemProxy */ = {
			isa = PBXContainerItemProxy;
			containerPortal = 636954DF24651F7200D8953C /* Project object */;
			proxyType = 1;
			remoteGlobalIDString = 636954E624651F7200D8953C;
			remoteInfo = PD;
		};
/* End PBXContainerItemProxy section */

/* Begin PBXFileReference section */
		636954E724651F7200D8953C /* PD.app */ = {isa = PBXFileReference; explicitFileType = wrapper.application; includeInIndex = 0; path = PD.app; sourceTree = BUILT_PRODUCTS_DIR; };
		636954EA24651F7200D8953C /* AppDelegate.swift */ = {isa = PBXFileReference; lastKnownFileType = sourcecode.swift; path = AppDelegate.swift; sourceTree = "<group>"; };
		636954EC24651F7200D8953C /* SceneDelegate.swift */ = {isa = PBXFileReference; lastKnownFileType = sourcecode.swift; path = SceneDelegate.swift; sourceTree = "<group>"; };
		636954EE24651F7200D8953C /* ListViewController.swift */ = {isa = PBXFileReference; lastKnownFileType = sourcecode.swift; path = ListViewController.swift; sourceTree = "<group>"; };
		636954F124651F7200D8953C /* Base */ = {isa = PBXFileReference; lastKnownFileType = file.storyboard; name = Base; path = Base.lproj/Main.storyboard; sourceTree = "<group>"; };
		636954F324651F7600D8953C /* Assets.xcassets */ = {isa = PBXFileReference; lastKnownFileType = folder.assetcatalog; path = Assets.xcassets; sourceTree = "<group>"; };
		636954F624651F7600D8953C /* Base */ = {isa = PBXFileReference; lastKnownFileType = file.storyboard; name = Base; path = Base.lproj/LaunchScreen.storyboard; sourceTree = "<group>"; };
		636954F824651F7600D8953C /* Info.plist */ = {isa = PBXFileReference; lastKnownFileType = text.plist.xml; path = Info.plist; sourceTree = "<group>"; };
		636954FD24651F7600D8953C /* PDTests.xctest */ = {isa = PBXFileReference; explicitFileType = wrapper.cfbundle; includeInIndex = 0; path = PDTests.xctest; sourceTree = BUILT_PRODUCTS_DIR; };
		6369550124651F7600D8953C /* PDTests.swift */ = {isa = PBXFileReference; lastKnownFileType = sourcecode.swift; path = PDTests.swift; sourceTree = "<group>"; };
		6369550324651F7600D8953C /* Info.plist */ = {isa = PBXFileReference; lastKnownFileType = text.plist.xml; path = Info.plist; sourceTree = "<group>"; };
		6369550824651F7600D8953C /* PDUITests.xctest */ = {isa = PBXFileReference; explicitFileType = wrapper.cfbundle; includeInIndex = 0; path = PDUITests.xctest; sourceTree = BUILT_PRODUCTS_DIR; };
		6369550C24651F7600D8953C /* PDUITests.swift */ = {isa = PBXFileReference; lastKnownFileType = sourcecode.swift; path = PDUITests.swift; sourceTree = "<group>"; };
		6369550E24651F7600D8953C /* Info.plist */ = {isa = PBXFileReference; lastKnownFileType = text.plist.xml; path = Info.plist; sourceTree = "<group>"; };
		6369551E2465294E00D8953C /* ListPresenter.swift */ = {isa = PBXFileReference; lastKnownFileType = sourcecode.swift; path = ListPresenter.swift; sourceTree = "<group>"; };
		6369552124652F3300D8953C /* ScheduleCell.xib */ = {isa = PBXFileReference; lastKnownFileType = file.xib; path = ScheduleCell.xib; sourceTree = "<group>"; };
		6369552324652FF400D8953C /* ScheduleCell.swift */ = {isa = PBXFileReference; lastKnownFileType = sourcecode.swift; path = ScheduleCell.swift; sourceTree = "<group>"; };
		6369552E2465333E00D8953C /* DataManagerswift.swift */ = {isa = PBXFileReference; lastKnownFileType = sourcecode.swift; path = DataManagerswift.swift; sourceTree = "<group>"; };
		636955312465352400D8953C /* Schedule.swift */ = {isa = PBXFileReference; lastKnownFileType = sourcecode.swift; path = Schedule.swift; sourceTree = "<group>"; };
		636955332465357F00D8953C /* EscalationPolicy.swift */ = {isa = PBXFileReference; lastKnownFileType = sourcecode.swift; path = EscalationPolicy.swift; sourceTree = "<group>"; };
		636955372465398300D8953C /* SchduleResponse.swift */ = {isa = PBXFileReference; lastKnownFileType = sourcecode.swift; path = SchduleResponse.swift; sourceTree = "<group>"; };
		636955392465483800D8953C /* schedules.json */ = {isa = PBXFileReference; fileEncoding = 4; lastKnownFileType = text.json; path = schedules.json; sourceTree = "<group>"; };
		6369553D2465486400D8953C /* ViewController+PD.swift */ = {isa = PBXFileReference; lastKnownFileType = sourcecode.swift; path = "ViewController+PD.swift"; sourceTree = "<group>"; };
		6369554024654C2A00D8953C /* 20871-search.json */ = {isa = PBXFileReference; fileEncoding = 4; lastKnownFileType = text.json; path = "20871-search.json"; sourceTree = SOURCE_ROOT; };
		84F60A270404CFAEFEEC15F4 /* Pods-PD.release.xcconfig */ = {isa = PBXFileReference; includeInIndex = 1; lastKnownFileType = text.xcconfig; name = "Pods-PD.release.xcconfig"; path = "Target Support Files/Pods-PD/Pods-PD.release.xcconfig"; sourceTree = "<group>"; };
		D0C12F1DD89ADE19B5C8690D /* Pods-PDTests.debug.xcconfig */ = {isa = PBXFileReference; includeInIndex = 1; lastKnownFileType = text.xcconfig; name = "Pods-PDTests.debug.xcconfig"; path = "Target Support Files/Pods-PDTests/Pods-PDTests.debug.xcconfig"; sourceTree = "<group>"; };
		D626A1A10FD51DD06604B7D9 /* Pods_PD.framework */ = {isa = PBXFileReference; explicitFileType = wrapper.framework; includeInIndex = 0; path = Pods_PD.framework; sourceTree = BUILT_PRODUCTS_DIR; };
		D665C62CA40457AA41FE28A9 /* Pods-PD.debug.xcconfig */ = {isa = PBXFileReference; includeInIndex = 1; lastKnownFileType = text.xcconfig; name = "Pods-PD.debug.xcconfig"; path = "Target Support Files/Pods-PD/Pods-PD.debug.xcconfig"; sourceTree = "<group>"; };
		F22CDED7EC04B547F0B94403 /* Pods-PDTests.release.xcconfig */ = {isa = PBXFileReference; includeInIndex = 1; lastKnownFileType = text.xcconfig; name = "Pods-PDTests.release.xcconfig"; path = "Target Support Files/Pods-PDTests/Pods-PDTests.release.xcconfig"; sourceTree = "<group>"; };
/* End PBXFileReference section */

/* Begin PBXFrameworksBuildPhase section */
		636954E424651F7200D8953C /* Frameworks */ = {
			isa = PBXFrameworksBuildPhase;
			buildActionMask = 2147483647;
			files = (
				16844A14C153515CFF454DB7 /* Pods_PD.framework in Frameworks */,
			);
			runOnlyForDeploymentPostprocessing = 0;
		};
		636954FA24651F7600D8953C /* Frameworks */ = {
			isa = PBXFrameworksBuildPhase;
			buildActionMask = 2147483647;
			files = (
			);
			runOnlyForDeploymentPostprocessing = 0;
		};
		6369550524651F7600D8953C /* Frameworks */ = {
			isa = PBXFrameworksBuildPhase;
			buildActionMask = 2147483647;
			files = (
			);
			runOnlyForDeploymentPostprocessing = 0;
		};
/* End PBXFrameworksBuildPhase section */

/* Begin PBXGroup section */
		4620D2EE639D585A42AFCED9 /* Frameworks */ = {
			isa = PBXGroup;
			children = (
				D626A1A10FD51DD06604B7D9 /* Pods_PD.framework */,
			);
			name = Frameworks;
			sourceTree = "<group>";
		};
		636954DE24651F7200D8953C = {
			isa = PBXGroup;
			children = (
				636954E924651F7200D8953C /* PD */,
				6369550024651F7600D8953C /* PDTests */,
				6369550B24651F7600D8953C /* PDUITests */,
				636954E824651F7200D8953C /* Products */,
				A0F3C65C7A960BF0CDA082A6 /* Pods */,
				4620D2EE639D585A42AFCED9 /* Frameworks */,
			);
			sourceTree = "<group>";
		};
		636954E824651F7200D8953C /* Products */ = {
			isa = PBXGroup;
			children = (
				636954E724651F7200D8953C /* PD.app */,
				636954FD24651F7600D8953C /* PDTests.xctest */,
				6369550824651F7600D8953C /* PDUITests.xctest */,
			);
			name = Products;
			sourceTree = "<group>";
		};
		636954E924651F7200D8953C /* PD */ = {
			isa = PBXGroup;
			children = (
				636955302465351700D8953C /* Model */,
				6369551C246524B600D8953C /* StoryBoards */,
				6369551A2465248300D8953C /* Classes */,
				636954F324651F7600D8953C /* Assets.xcassets */,
				636954F524651F7600D8953C /* LaunchScreen.storyboard */,
				636954F824651F7600D8953C /* Info.plist */,
				6369553F24654C1A00D8953C /* Animation */,
				6369552A246531E200D8953C /* JSON */,
			);
			path = PD;
			sourceTree = "<group>";
		};
		6369550024651F7600D8953C /* PDTests */ = {
			isa = PBXGroup;
			children = (
				6369550124651F7600D8953C /* PDTests.swift */,
				6369550324651F7600D8953C /* Info.plist */,
			);
			path = PDTests;
			sourceTree = "<group>";
		};
		6369550B24651F7600D8953C /* PDUITests */ = {
			isa = PBXGroup;
			children = (
				6369550C24651F7600D8953C /* PDUITests.swift */,
				6369550E24651F7600D8953C /* Info.plist */,
			);
			path = PDUITests;
			sourceTree = "<group>";
		};
		6369551A2465248300D8953C /* Classes */ = {
			isa = PBXGroup;
			children = (
				636954EC24651F7200D8953C /* SceneDelegate.swift */,
				636954EA24651F7200D8953C /* AppDelegate.swift */,
				6369552D246532C400D8953C /* Manager */,
				6369552024652E5100D8953C /* Views */,
				6369551D246524E800D8953C /* Presenters */,
				6369551B2465248C00D8953C /* Controllers */,
			);
			path = Classes;
			sourceTree = "<group>";
		};
		6369551B2465248C00D8953C /* Controllers */ = {
			isa = PBXGroup;
			children = (
				636954EE24651F7200D8953C /* ListViewController.swift */,
				6369553D2465486400D8953C /* ViewController+PD.swift */,
			);
			path = Controllers;
			sourceTree = "<group>";
		};
		6369551C246524B600D8953C /* StoryBoards */ = {
			isa = PBXGroup;
			children = (
				636954F024651F7200D8953C /* Main.storyboard */,
			);
			path = StoryBoards;
			sourceTree = "<group>";
		};
		6369551D246524E800D8953C /* Presenters */ = {
			isa = PBXGroup;
			children = (
				6369551E2465294E00D8953C /* ListPresenter.swift */,
			);
			path = Presenters;
			sourceTree = "<group>";
		};
		6369552024652E5100D8953C /* Views */ = {
			isa = PBXGroup;
			children = (
				6369552124652F3300D8953C /* ScheduleCell.xib */,
				6369552324652FF400D8953C /* ScheduleCell.swift */,
			);
			path = Views;
			sourceTree = "<group>";
		};
		6369552A246531E200D8953C /* JSON */ = {
			isa = PBXGroup;
			children = (
				636955392465483800D8953C /* schedules.json */,
			);
			path = JSON;
			sourceTree = "<group>";
		};
		6369552D246532C400D8953C /* Manager */ = {
			isa = PBXGroup;
			children = (
				6369552E2465333E00D8953C /* DataManagerswift.swift */,
			);
			path = Manager;
			sourceTree = "<group>";
		};
		636955302465351700D8953C /* Model */ = {
			isa = PBXGroup;
			children = (
				636955312465352400D8953C /* Schedule.swift */,
				636955332465357F00D8953C /* EscalationPolicy.swift */,
				636955372465398300D8953C /* SchduleResponse.swift */,
			);
			path = Model;
			sourceTree = "<group>";
		};
		6369553F24654C1A00D8953C /* Animation */ = {
			isa = PBXGroup;
			children = (
				6369554024654C2A00D8953C /* 20871-search.json */,
			);
			path = Animation;
			sourceTree = "<group>";
		};
		A0F3C65C7A960BF0CDA082A6 /* Pods */ = {
			isa = PBXGroup;
			children = (
				D665C62CA40457AA41FE28A9 /* Pods-PD.debug.xcconfig */,
				84F60A270404CFAEFEEC15F4 /* Pods-PD.release.xcconfig */,
				D0C12F1DD89ADE19B5C8690D /* Pods-PDTests.debug.xcconfig */,
				F22CDED7EC04B547F0B94403 /* Pods-PDTests.release.xcconfig */,
			);
			path = Pods;
			sourceTree = "<group>";
		};
/* End PBXGroup section */

/* Begin PBXNativeTarget section */
		636954E624651F7200D8953C /* PD */ = {
			isa = PBXNativeTarget;
			buildConfigurationList = 6369551124651F7600D8953C /* Build configuration list for PBXNativeTarget "PD" */;
			buildPhases = (
				8FEDD01767DAEFBA89D4432F /* [CP] Check Pods Manifest.lock */,
				636954E324651F7200D8953C /* Sources */,
				636954E424651F7200D8953C /* Frameworks */,
				636954E524651F7200D8953C /* Resources */,
				3C8F60E2CE400FF477207FA3 /* [CP] Embed Pods Frameworks */,
			);
			buildRules = (
			);
			dependencies = (
			);
			name = PD;
			productName = PD;
			productReference = 636954E724651F7200D8953C /* PD.app */;
			productType = "com.apple.product-type.application";
		};
		636954FC24651F7600D8953C /* PDTests */ = {
			isa = PBXNativeTarget;
			buildConfigurationList = 6369551424651F7600D8953C /* Build configuration list for PBXNativeTarget "PDTests" */;
			buildPhases = (
				636954F924651F7600D8953C /* Sources */,
				636954FA24651F7600D8953C /* Frameworks */,
				636954FB24651F7600D8953C /* Resources */,
			);
			buildRules = (
			);
			dependencies = (
				636954FF24651F7600D8953C /* PBXTargetDependency */,
			);
			name = PDTests;
			productName = PDTests;
			productReference = 636954FD24651F7600D8953C /* PDTests.xctest */;
			productType = "com.apple.product-type.bundle.unit-test";
		};
		6369550724651F7600D8953C /* PDUITests */ = {
			isa = PBXNativeTarget;
			buildConfigurationList = 6369551724651F7600D8953C /* Build configuration list for PBXNativeTarget "PDUITests" */;
			buildPhases = (
				6369550424651F7600D8953C /* Sources */,
				6369550524651F7600D8953C /* Frameworks */,
				6369550624651F7600D8953C /* Resources */,
			);
			buildRules = (
			);
			dependencies = (
				6369550A24651F7600D8953C /* PBXTargetDependency */,
			);
			name = PDUITests;
			productName = PDUITests;
			productReference = 6369550824651F7600D8953C /* PDUITests.xctest */;
			productType = "com.apple.product-type.bundle.ui-testing";
		};
/* End PBXNativeTarget section */

/* Begin PBXProject section */
		636954DF24651F7200D8953C /* Project object */ = {
			isa = PBXProject;
			attributes = {
				LastSwiftUpdateCheck = 1140;
				LastUpgradeCheck = 1140;
				ORGANIZATIONNAME = David;
				TargetAttributes = {
					636954E624651F7200D8953C = {
						CreatedOnToolsVersion = 11.4.1;
					};
					636954FC24651F7600D8953C = {
						CreatedOnToolsVersion = 11.4.1;
						TestTargetID = 636954E624651F7200D8953C;
					};
					6369550724651F7600D8953C = {
						CreatedOnToolsVersion = 11.4.1;
						TestTargetID = 636954E624651F7200D8953C;
					};
				};
			};
			buildConfigurationList = 636954E224651F7200D8953C /* Build configuration list for PBXProject "PD" */;
			compatibilityVersion = "Xcode 9.3";
			developmentRegion = en;
			hasScannedForEncodings = 0;
			knownRegions = (
				en,
				Base,
			);
			mainGroup = 636954DE24651F7200D8953C;
			productRefGroup = 636954E824651F7200D8953C /* Products */;
			projectDirPath = "";
			projectRoot = "";
			targets = (
				636954E624651F7200D8953C /* PD */,
				636954FC24651F7600D8953C /* PDTests */,
				6369550724651F7600D8953C /* PDUITests */,
			);
		};
/* End PBXProject section */

/* Begin PBXResourcesBuildPhase section */
		636954E524651F7200D8953C /* Resources */ = {
			isa = PBXResourcesBuildPhase;
			buildActionMask = 2147483647;
			files = (
				6369554124654C2A00D8953C /* 20871-search.json in Resources */,
				6369553A2465483800D8953C /* schedules.json in Resources */,
				636954F724651F7600D8953C /* LaunchScreen.storyboard in Resources */,
				636954F424651F7600D8953C /* Assets.xcassets in Resources */,
				6369552224652F3300D8953C /* ScheduleCell.xib in Resources */,
				636954F224651F7200D8953C /* Main.storyboard in Resources */,
			);
			runOnlyForDeploymentPostprocessing = 0;
		};
		636954FB24651F7600D8953C /* Resources */ = {
			isa = PBXResourcesBuildPhase;
			buildActionMask = 2147483647;
			files = (
			);
			runOnlyForDeploymentPostprocessing = 0;
		};
		6369550624651F7600D8953C /* Resources */ = {
			isa = PBXResourcesBuildPhase;
			buildActionMask = 2147483647;
			files = (
			);
			runOnlyForDeploymentPostprocessing = 0;
		};
/* End PBXResourcesBuildPhase section */

/* Begin PBXShellScriptBuildPhase section */
		3C8F60E2CE400FF477207FA3 /* [CP] Embed Pods Frameworks */ = {
			isa = PBXShellScriptBuildPhase;
			buildActionMask = 2147483647;
			files = (
			);
			inputFileListPaths = (
				"${PODS_ROOT}/Target Support Files/Pods-PD/Pods-PD-frameworks-${CONFIGURATION}-input-files.xcfilelist",
			);
			name = "[CP] Embed Pods Frameworks";
			outputFileListPaths = (
				"${PODS_ROOT}/Target Support Files/Pods-PD/Pods-PD-frameworks-${CONFIGURATION}-output-files.xcfilelist",
			);
			runOnlyForDeploymentPostprocessing = 0;
			shellPath = /bin/sh;
			shellScript = "\"${PODS_ROOT}/Target Support Files/Pods-PD/Pods-PD-frameworks.sh\"\n";
			showEnvVarsInLog = 0;
		};
		8FEDD01767DAEFBA89D4432F /* [CP] Check Pods Manifest.lock */ = {
			isa = PBXShellScriptBuildPhase;
			buildActionMask = 2147483647;
			files = (
			);
			inputFileListPaths = (
			);
			inputPaths = (
				"${PODS_PODFILE_DIR_PATH}/Podfile.lock",
				"${PODS_ROOT}/Manifest.lock",
			);
			name = "[CP] Check Pods Manifest.lock";
			outputFileListPaths = (
			);
			outputPaths = (
				"$(DERIVED_FILE_DIR)/Pods-PD-checkManifestLockResult.txt",
			);
			runOnlyForDeploymentPostprocessing = 0;
			shellPath = /bin/sh;
			shellScript = "diff \"${PODS_PODFILE_DIR_PATH}/Podfile.lock\" \"${PODS_ROOT}/Manifest.lock\" > /dev/null\nif [ $? != 0 ] ; then\n    # print error to STDERR\n    echo \"error: The sandbox is not in sync with the Podfile.lock. Run 'pod install' or update your CocoaPods installation.\" >&2\n    exit 1\nfi\n# This output is used by Xcode 'outputs' to avoid re-running this script phase.\necho \"SUCCESS\" > \"${SCRIPT_OUTPUT_FILE_0}\"\n";
			showEnvVarsInLog = 0;
		};
/* End PBXShellScriptBuildPhase section */

/* Begin PBXSourcesBuildPhase section */
		636954E324651F7200D8953C /* Sources */ = {
			isa = PBXSourcesBuildPhase;
			buildActionMask = 2147483647;
			files = (
				6369553E2465486400D8953C /* ViewController+PD.swift in Sources */,
				636954EF24651F7200D8953C /* ListViewController.swift in Sources */,
				636954EB24651F7200D8953C /* AppDelegate.swift in Sources */,
				6369551F2465294E00D8953C /* ListPresenter.swift in Sources */,
				636954ED24651F7200D8953C /* SceneDelegate.swift in Sources */,
				636955342465357F00D8953C /* EscalationPolicy.swift in Sources */,
				6369552424652FF400D8953C /* ScheduleCell.swift in Sources */,
				636955382465398300D8953C /* SchduleResponse.swift in Sources */,
				636955322465352400D8953C /* Schedule.swift in Sources */,
				6369552F2465333E00D8953C /* DataManagerswift.swift in Sources */,
			);
			runOnlyForDeploymentPostprocessing = 0;
		};
		636954F924651F7600D8953C /* Sources */ = {
			isa = PBXSourcesBuildPhase;
			buildActionMask = 2147483647;
			files = (
				6369550224651F7600D8953C /* PDTests.swift in Sources */,
			);
			runOnlyForDeploymentPostprocessing = 0;
		};
		6369550424651F7600D8953C /* Sources */ = {
			isa = PBXSourcesBuildPhase;
			buildActionMask = 2147483647;
			files = (
				6369550D24651F7600D8953C /* PDUITests.swift in Sources */,
			);
			runOnlyForDeploymentPostprocessing = 0;
		};
/* End PBXSourcesBuildPhase section */

/* Begin PBXTargetDependency section */
		636954FF24651F7600D8953C /* PBXTargetDependency */ = {
			isa = PBXTargetDependency;
			target = 636954E624651F7200D8953C /* PD */;
			targetProxy = 636954FE24651F7600D8953C /* PBXContainerItemProxy */;
		};
		6369550A24651F7600D8953C /* PBXTargetDependency */ = {
			isa = PBXTargetDependency;
			target = 636954E624651F7200D8953C /* PD */;
			targetProxy = 6369550924651F7600D8953C /* PBXContainerItemProxy */;
		};
/* End PBXTargetDependency section */

/* Begin PBXVariantGroup section */
		636954F024651F7200D8953C /* Main.storyboard */ = {
			isa = PBXVariantGroup;
			children = (
				636954F124651F7200D8953C /* Base */,
			);
			name = Main.storyboard;
			sourceTree = "<group>";
		};
		636954F524651F7600D8953C /* LaunchScreen.storyboard */ = {
			isa = PBXVariantGroup;
			children = (
				636954F624651F7600D8953C /* Base */,
			);
			name = LaunchScreen.storyboard;
			sourceTree = "<group>";
		};
/* End PBXVariantGroup section */

/* Begin XCBuildConfiguration section */
		6369550F24651F7600D8953C /* Debug */ = {
			isa = XCBuildConfiguration;
			buildSettings = {
				ALWAYS_SEARCH_USER_PATHS = NO;
				CLANG_ANALYZER_NONNULL = YES;
				CLANG_ANALYZER_NUMBER_OBJECT_CONVERSION = YES_AGGRESSIVE;
				CLANG_CXX_LANGUAGE_STANDARD = "gnu++14";
				CLANG_CXX_LIBRARY = "libc++";
				CLANG_ENABLE_MODULES = YES;
				CLANG_ENABLE_OBJC_ARC = YES;
				CLANG_ENABLE_OBJC_WEAK = YES;
				CLANG_WARN_BLOCK_CAPTURE_AUTORELEASING = YES;
				CLANG_WARN_BOOL_CONVERSION = YES;
				CLANG_WARN_COMMA = YES;
				CLANG_WARN_CONSTANT_CONVERSION = YES;
				CLANG_WARN_DEPRECATED_OBJC_IMPLEMENTATIONS = YES;
				CLANG_WARN_DIRECT_OBJC_ISA_USAGE = YES_ERROR;
				CLANG_WARN_DOCUMENTATION_COMMENTS = YES;
				CLANG_WARN_EMPTY_BODY = YES;
				CLANG_WARN_ENUM_CONVERSION = YES;
				CLANG_WARN_INFINITE_RECURSION = YES;
				CLANG_WARN_INT_CONVERSION = YES;
				CLANG_WARN_NON_LITERAL_NULL_CONVERSION = YES;
				CLANG_WARN_OBJC_IMPLICIT_RETAIN_SELF = YES;
				CLANG_WARN_OBJC_LITERAL_CONVERSION = YES;
				CLANG_WARN_OBJC_ROOT_CLASS = YES_ERROR;
				CLANG_WARN_RANGE_LOOP_ANALYSIS = YES;
				CLANG_WARN_STRICT_PROTOTYPES = YES;
				CLANG_WARN_SUSPICIOUS_MOVE = YES;
				CLANG_WARN_UNGUARDED_AVAILABILITY = YES_AGGRESSIVE;
				CLANG_WARN_UNREACHABLE_CODE = YES;
				CLANG_WARN__DUPLICATE_METHOD_MATCH = YES;
				COPY_PHASE_STRIP = NO;
				DEBUG_INFORMATION_FORMAT = dwarf;
				ENABLE_STRICT_OBJC_MSGSEND = YES;
				ENABLE_TESTABILITY = YES;
				GCC_C_LANGUAGE_STANDARD = gnu11;
				GCC_DYNAMIC_NO_PIC = NO;
				GCC_NO_COMMON_BLOCKS = YES;
				GCC_OPTIMIZATION_LEVEL = 0;
				GCC_PREPROCESSOR_DEFINITIONS = (
					"DEBUG=1",
					"$(inherited)",
				);
				GCC_WARN_64_TO_32_BIT_CONVERSION = YES;
				GCC_WARN_ABOUT_RETURN_TYPE = YES_ERROR;
				GCC_WARN_UNDECLARED_SELECTOR = YES;
				GCC_WARN_UNINITIALIZED_AUTOS = YES_AGGRESSIVE;
				GCC_WARN_UNUSED_FUNCTION = YES;
				GCC_WARN_UNUSED_VARIABLE = YES;
				IPHONEOS_DEPLOYMENT_TARGET = 13.4;
				MTL_ENABLE_DEBUG_INFO = INCLUDE_SOURCE;
				MTL_FAST_MATH = YES;
				ONLY_ACTIVE_ARCH = YES;
				SDKROOT = iphoneos;
				SWIFT_ACTIVE_COMPILATION_CONDITIONS = DEBUG;
				SWIFT_OPTIMIZATION_LEVEL = "-Onone";
			};
			name = Debug;
		};
		6369551024651F7600D8953C /* Release */ = {
			isa = XCBuildConfiguration;
			buildSettings = {
				ALWAYS_SEARCH_USER_PATHS = NO;
				CLANG_ANALYZER_NONNULL = YES;
				CLANG_ANALYZER_NUMBER_OBJECT_CONVERSION = YES_AGGRESSIVE;
				CLANG_CXX_LANGUAGE_STANDARD = "gnu++14";
				CLANG_CXX_LIBRARY = "libc++";
				CLANG_ENABLE_MODULES = YES;
				CLANG_ENABLE_OBJC_ARC = YES;
				CLANG_ENABLE_OBJC_WEAK = YES;
				CLANG_WARN_BLOCK_CAPTURE_AUTORELEASING = YES;
				CLANG_WARN_BOOL_CONVERSION = YES;
				CLANG_WARN_COMMA = YES;
				CLANG_WARN_CONSTANT_CONVERSION = YES;
				CLANG_WARN_DEPRECATED_OBJC_IMPLEMENTATIONS = YES;
				CLANG_WARN_DIRECT_OBJC_ISA_USAGE = YES_ERROR;
				CLANG_WARN_DOCUMENTATION_COMMENTS = YES;
				CLANG_WARN_EMPTY_BODY = YES;
				CLANG_WARN_ENUM_CONVERSION = YES;
				CLANG_WARN_INFINITE_RECURSION = YES;
				CLANG_WARN_INT_CONVERSION = YES;
				CLANG_WARN_NON_LITERAL_NULL_CONVERSION = YES;
				CLANG_WARN_OBJC_IMPLICIT_RETAIN_SELF = YES;
				CLANG_WARN_OBJC_LITERAL_CONVERSION = YES;
				CLANG_WARN_OBJC_ROOT_CLASS = YES_ERROR;
				CLANG_WARN_RANGE_LOOP_ANALYSIS = YES;
				CLANG_WARN_STRICT_PROTOTYPES = YES;
				CLANG_WARN_SUSPICIOUS_MOVE = YES;
				CLANG_WARN_UNGUARDED_AVAILABILITY = YES_AGGRESSIVE;
				CLANG_WARN_UNREACHABLE_CODE = YES;
				CLANG_WARN__DUPLICATE_METHOD_MATCH = YES;
				COPY_PHASE_STRIP = NO;
				DEBUG_INFORMATION_FORMAT = "dwarf-with-dsym";
				ENABLE_NS_ASSERTIONS = NO;
				ENABLE_STRICT_OBJC_MSGSEND = YES;
				GCC_C_LANGUAGE_STANDARD = gnu11;
				GCC_NO_COMMON_BLOCKS = YES;
				GCC_WARN_64_TO_32_BIT_CONVERSION = YES;
				GCC_WARN_ABOUT_RETURN_TYPE = YES_ERROR;
				GCC_WARN_UNDECLARED_SELECTOR = YES;
				GCC_WARN_UNINITIALIZED_AUTOS = YES_AGGRESSIVE;
				GCC_WARN_UNUSED_FUNCTION = YES;
				GCC_WARN_UNUSED_VARIABLE = YES;
				IPHONEOS_DEPLOYMENT_TARGET = 13.4;
				MTL_ENABLE_DEBUG_INFO = NO;
				MTL_FAST_MATH = YES;
				SDKROOT = iphoneos;
				SWIFT_COMPILATION_MODE = wholemodule;
				SWIFT_OPTIMIZATION_LEVEL = "-O";
				VALIDATE_PRODUCT = YES;
			};
			name = Release;
		};
		6369551224651F7600D8953C /* Debug */ = {
			isa = XCBuildConfiguration;
			baseConfigurationReference = D665C62CA40457AA41FE28A9 /* Pods-PD.debug.xcconfig */;
			buildSettings = {
				ASSETCATALOG_COMPILER_APPICON_NAME = AppIcon;
				CODE_SIGN_STYLE = Automatic;
				DEVELOPMENT_TEAM = 6AK5KZGR46;
				INFOPLIST_FILE = PD/Info.plist;
				LD_RUNPATH_SEARCH_PATHS = (
					"$(inherited)",
					"@executable_path/Frameworks",
				);
				PRODUCT_BUNDLE_IDENTIFIER = "e-apps.PD";
				PRODUCT_NAME = "$(TARGET_NAME)";
				SWIFT_VERSION = 5.0;
				TARGETED_DEVICE_FAMILY = "1,2";
			};
			name = Debug;
		};
		6369551324651F7600D8953C /* Release */ = {
			isa = XCBuildConfiguration;
			baseConfigurationReference = 84F60A270404CFAEFEEC15F4 /* Pods-PD.release.xcconfig */;
			buildSettings = {
				ASSETCATALOG_COMPILER_APPICON_NAME = AppIcon;
				CODE_SIGN_STYLE = Automatic;
				DEVELOPMENT_TEAM = 6AK5KZGR46;
				INFOPLIST_FILE = PD/Info.plist;
				LD_RUNPATH_SEARCH_PATHS = (
					"$(inherited)",
					"@executable_path/Frameworks",
				);
				PRODUCT_BUNDLE_IDENTIFIER = "e-apps.PD";
				PRODUCT_NAME = "$(TARGET_NAME)";
				SWIFT_VERSION = 5.0;
				TARGETED_DEVICE_FAMILY = "1,2";
			};
			name = Release;
		};
		6369551524651F7600D8953C /* Debug */ = {
			isa = XCBuildConfiguration;
			buildSettings = {
				ALWAYS_EMBED_SWIFT_STANDARD_LIBRARIES = YES;
				BUNDLE_LOADER = "$(TEST_HOST)";
				CODE_SIGN_STYLE = Automatic;
				DEVELOPMENT_TEAM = 6AK5KZGR46;
				INFOPLIST_FILE = PDTests/Info.plist;
				IPHONEOS_DEPLOYMENT_TARGET = 13.4;
				LD_RUNPATH_SEARCH_PATHS = (
					"$(inherited)",
					"@executable_path/Frameworks",
					"@loader_path/Frameworks",
				);
				PRODUCT_BUNDLE_IDENTIFIER = "e-apps.PDTests";
				PRODUCT_NAME = "$(TARGET_NAME)";
				SWIFT_VERSION = 5.0;
				TARGETED_DEVICE_FAMILY = "1,2";
				TEST_HOST = "$(BUILT_PRODUCTS_DIR)/PD.app/PD";
			};
			name = Debug;
		};
		6369551624651F7600D8953C /* Release */ = {
			isa = XCBuildConfiguration;
			buildSettings = {
				ALWAYS_EMBED_SWIFT_STANDARD_LIBRARIES = YES;
				BUNDLE_LOADER = "$(TEST_HOST)";
				CODE_SIGN_STYLE = Automatic;
				DEVELOPMENT_TEAM = 6AK5KZGR46;
				INFOPLIST_FILE = PDTests/Info.plist;
				IPHONEOS_DEPLOYMENT_TARGET = 13.4;
				LD_RUNPATH_SEARCH_PATHS = (
					"$(inherited)",
					"@executable_path/Frameworks",
					"@loader_path/Frameworks",
				);
				PRODUCT_BUNDLE_IDENTIFIER = "e-apps.PDTests";
				PRODUCT_NAME = "$(TARGET_NAME)";
				SWIFT_VERSION = 5.0;
				TARGETED_DEVICE_FAMILY = "1,2";
				TEST_HOST = "$(BUILT_PRODUCTS_DIR)/PD.app/PD";
			};
			name = Release;
		};
		6369551824651F7600D8953C /* Debug */ = {
			isa = XCBuildConfiguration;
			buildSettings = {
				ALWAYS_EMBED_SWIFT_STANDARD_LIBRARIES = YES;
				CODE_SIGN_STYLE = Automatic;
				DEVELOPMENT_TEAM = 6AK5KZGR46;
				INFOPLIST_FILE = PDUITests/Info.plist;
				LD_RUNPATH_SEARCH_PATHS = (
					"$(inherited)",
					"@executable_path/Frameworks",
					"@loader_path/Frameworks",
				);
				PRODUCT_BUNDLE_IDENTIFIER = "e-apps.PDUITests";
				PRODUCT_NAME = "$(TARGET_NAME)";
				SWIFT_VERSION = 5.0;
				TARGETED_DEVICE_FAMILY = "1,2";
				TEST_TARGET_NAME = PD;
			};
			name = Debug;
		};
		6369551924651F7600D8953C /* Release */ = {
			isa = XCBuildConfiguration;
			buildSettings = {
				ALWAYS_EMBED_SWIFT_STANDARD_LIBRARIES = YES;
				CODE_SIGN_STYLE = Automatic;
				DEVELOPMENT_TEAM = 6AK5KZGR46;
				INFOPLIST_FILE = PDUITests/Info.plist;
				LD_RUNPATH_SEARCH_PATHS = (
					"$(inherited)",
					"@executable_path/Frameworks",
					"@loader_path/Frameworks",
				);
				PRODUCT_BUNDLE_IDENTIFIER = "e-apps.PDUITests";
				PRODUCT_NAME = "$(TARGET_NAME)";
				SWIFT_VERSION = 5.0;
				TARGETED_DEVICE_FAMILY = "1,2";
				TEST_TARGET_NAME = PD;
			};
			name = Release;
		};
/* End XCBuildConfiguration section */

/* Begin XCConfigurationList section */
		636954E224651F7200D8953C /* Build configuration list for PBXProject "PD" */ = {
			isa = XCConfigurationList;
			buildConfigurations = (
				6369550F24651F7600D8953C /* Debug */,
				6369551024651F7600D8953C /* Release */,
			);
			defaultConfigurationIsVisible = 0;
			defaultConfigurationName = Release;
		};
		6369551124651F7600D8953C /* Build configuration list for PBXNativeTarget "PD" */ = {
			isa = XCConfigurationList;
			buildConfigurations = (
				6369551224651F7600D8953C /* Debug */,
				6369551324651F7600D8953C /* Release */,
			);
			defaultConfigurationIsVisible = 0;
			defaultConfigurationName = Release;
		};
		6369551424651F7600D8953C /* Build configuration list for PBXNativeTarget "PDTests" */ = {
			isa = XCConfigurationList;
			buildConfigurations = (
				6369551524651F7600D8953C /* Debug */,
				6369551624651F7600D8953C /* Release */,
			);
			defaultConfigurationIsVisible = 0;
			defaultConfigurationName = Release;
		};
		6369551724651F7600D8953C /* Build configuration list for PBXNativeTarget "PDUITests" */ = {
			isa = XCConfigurationList;
			buildConfigurations = (
				6369551824651F7600D8953C /* Debug */,
				6369551924651F7600D8953C /* Release */,
			);
			defaultConfigurationIsVisible = 0;
			defaultConfigurationName = Release;
		};
/* End XCConfigurationList section */
	};
	rootObject = 636954DF24651F7200D8953C /* Project object */;
}
